
Microsoft Visual Studio Solution File, Format Version 12.00
# Visual Studio Version 16
VisualStudioVersion = 16.0.29201.188
MinimumVisualStudioVersion = 10.0.40219.1
Project("{FAE04EC0-301F-11D3-BF4B-00C04F79EFBC}") = "ExemploAula1", "ExemploAula1\ExemploAula1.csproj", "{50CE84F2-4BC1-42DA-8A52-6B7468A07218}"
EndProject
Global
	GlobalSection(SolutionConfigurationPlatforms) = preSolution
		Debug|Any CPU = Debug|Any CPU
		Release|Any CPU = Release|Any CPU
	EndGlobalSection
	GlobalSection(ProjectConfigurationPlatforms) = postSolution
		{50CE84F2-4BC1-42DA-8A52-6B7468A07218}.Debug|Any CPU.ActiveCfg = Debug|Any CPU
		{50CE84F2-4BC1-42DA-8A52-6B7468A07218}.Debug|Any CPU.Build.0 = Debug|Any CPU
		{50CE84F2-4BC1-42DA-8A52-6B7468A07218}.Release|Any CPU.ActiveCfg = Release|Any CPU
		{50CE84F2-4BC1-42DA-8A52-6B7468A07218}.Release|Any CPU.Build.0 = Release|Any CPU
	EndGlobalSection
	GlobalSection(SolutionProperties) = preSolution
		HideSolutionNode = FALSE
	EndGlobalSection
	GlobalSection(ExtensibilityGlobals) = postSolution
		SolutionGuid = {1065C99F-5A35-4C9E-85AC-6EBE4645C6FA}
	EndGlobalSection
EndGlobal
