
Microsoft Visual Studio Solution File, Format Version 12.00
# Visual Studio Version 17
VisualStudioVersion = 17.1.32210.238
MinimumVisualStudioVersion = 10.0.40219.1
Project("{FAE04EC0-301F-11D3-BF4B-00C04F79EFBC}") = "ExercicioListaUsuario", "ExercicioListaUsuario\ExercicioListaUsuario.csproj", "{D076596B-2F48-458F-A539-8B472042C782}"
EndProject
Global
	GlobalSection(SolutionConfigurationPlatforms) = preSolution
		Debug|Any CPU = Debug|Any CPU
		Release|Any CPU = Release|Any CPU
	EndGlobalSection
	GlobalSection(ProjectConfigurationPlatforms) = postSolution
		{D076596B-2F48-458F-A539-8B472042C782}.Debug|Any CPU.ActiveCfg = Debug|Any CPU
		{D076596B-2F48-458F-A539-8B472042C782}.Debug|Any CPU.Build.0 = Debug|Any CPU
		{D076596B-2F48-458F-A539-8B472042C782}.Release|Any CPU.ActiveCfg = Release|Any CPU
		{D076596B-2F48-458F-A539-8B472042C782}.Release|Any CPU.Build.0 = Release|Any CPU
	EndGlobalSection
	GlobalSection(SolutionProperties) = preSolution
		HideSolutionNode = FALSE
	EndGlobalSection
	GlobalSection(ExtensibilityGlobals) = postSolution
		SolutionGuid = {1327E1C5-71EF-4BC5-815C-6740CAE8435C}
	EndGlobalSection
EndGlobal
